
Microsoft Visual Studio Solution File, Format Version 12.00
# Visual Studio Version 16
VisualStudioVersion = 16.0.30523.141
MinimumVisualStudioVersion = 10.0.40219.1
Project("{8BC9CEB8-8B4A-11D0-8D11-00A0C91BC942}") = "AuthorizationStudent", "AuthorizationStudent\AuthorizationStudent.vcxproj", "{0854686E-3BEB-4C48-8A9D-970E6DE2F34D}"
EndProject
Global
	GlobalSection(SolutionConfigurationPlatforms) = preSolution
		Debug|x64 = Debug|x64
		Debug|x86 = Debug|x86
		Release|x64 = Release|x64
		Release|x86 = Release|x86
	EndGlobalSection
	GlobalSection(ProjectConfigurationPlatforms) = postSolution
		{0854686E-3BEB-4C48-8A9D-970E6DE2F34D}.Debug|x64.ActiveCfg = Debug|x64
		{0854686E-3BEB-4C48-8A9D-970E6DE2F34D}.Debug|x64.Build.0 = Debug|x64
		{0854686E-3BEB-4C48-8A9D-970E6DE2F34D}.Debug|x86.ActiveCfg = Debug|Win32
		{0854686E-3BEB-4C48-8A9D-970E6DE2F34D}.Debug|x86.Build.0 = Debug|Win32
		{0854686E-3BEB-4C48-8A9D-970E6DE2F34D}.Release|x64.ActiveCfg = Release|x64
		{0854686E-3BEB-4C48-8A9D-970E6DE2F34D}.Release|x64.Build.0 = Release|x64
		{0854686E-3BEB-4C48-8A9D-970E6DE2F34D}.Release|x86.ActiveCfg = Release|Win32
		{0854686E-3BEB-4C48-8A9D-970E6DE2F34D}.Release|x86.Build.0 = Release|Win32
	EndGlobalSection
	GlobalSection(SolutionProperties) = preSolution
		HideSolutionNode = FALSE
	EndGlobalSection
	GlobalSection(ExtensibilityGlobals) = postSolution
		SolutionGuid = {0DF716C1-BCC6-450C-9CEA-F5F1965EEE1F}
	EndGlobalSection
EndGlobal
