
Microsoft Visual Studio Solution File, Format Version 12.00
# Visual Studio Version 16
VisualStudioVersion = 16.0.30611.23
MinimumVisualStudioVersion = 10.0.40219.1
Project("{8BC9CEB8-8B4A-11D0-8D11-00A0C91BC942}") = "Tutorial6", "Tutorial6\Tutorial6.vcxproj", "{9A50397E-403C-42D6-A5BA-8BD9E8C74311}"
EndProject
Global
	GlobalSection(SolutionConfigurationPlatforms) = preSolution
		Debug|x64 = Debug|x64
		Debug|x86 = Debug|x86
		Release|x64 = Release|x64
		Release|x86 = Release|x86
	EndGlobalSection
	GlobalSection(ProjectConfigurationPlatforms) = postSolution
		{9A50397E-403C-42D6-A5BA-8BD9E8C74311}.Debug|x64.ActiveCfg = Debug|x64
		{9A50397E-403C-42D6-A5BA-8BD9E8C74311}.Debug|x64.Build.0 = Debug|x64
		{9A50397E-403C-42D6-A5BA-8BD9E8C74311}.Debug|x86.ActiveCfg = Debug|Win32
		{9A50397E-403C-42D6-A5BA-8BD9E8C74311}.Debug|x86.Build.0 = Debug|Win32
		{9A50397E-403C-42D6-A5BA-8BD9E8C74311}.Release|x64.ActiveCfg = Release|x64
		{9A50397E-403C-42D6-A5BA-8BD9E8C74311}.Release|x64.Build.0 = Release|x64
		{9A50397E-403C-42D6-A5BA-8BD9E8C74311}.Release|x86.ActiveCfg = Release|Win32
		{9A50397E-403C-42D6-A5BA-8BD9E8C74311}.Release|x86.Build.0 = Release|Win32
	EndGlobalSection
	GlobalSection(SolutionProperties) = preSolution
		HideSolutionNode = FALSE
	EndGlobalSection
	GlobalSection(ExtensibilityGlobals) = postSolution
		SolutionGuid = {3E799D91-F7C0-42BF-BDAA-1753630D1623}
	EndGlobalSection
EndGlobal
